
Microsoft Visual Studio Solution File, Format Version 12.00
# Visual Studio Version 17
VisualStudioVersion = 17.3.32922.545
MinimumVisualStudioVersion = 10.0.40219.1
Project("{9A19103F-16F7-4668-BE54-9A1E7A4F7556}") = "WebApp", "src\WebApp\WebApp.csproj", "{B110391E-BB9D-4398-B413-17A017159BE1}"
EndProject
Project("{9A19103F-16F7-4668-BE54-9A1E7A4F7556}") = "Krompaco.AspNetCore.Hotwired", "src\Krompaco.AspNetCore.Hotwired\Krompaco.AspNetCore.Hotwired.csproj", "{759169DD-00FF-4257-BFA9-B1FFDCD53237}"
EndProject
Global
	GlobalSection(SolutionConfigurationPlatforms) = preSolution
		Debug|Any CPU = Debug|Any CPU
		Release|Any CPU = Release|Any CPU
	EndGlobalSection
	GlobalSection(ProjectConfigurationPlatforms) = postSolution
		{B110391E-BB9D-4398-B413-17A017159BE1}.Debug|Any CPU.ActiveCfg = Debug|Any CPU
		{B110391E-BB9D-4398-B413-17A017159BE1}.Debug|Any CPU.Build.0 = Debug|Any CPU
		{B110391E-BB9D-4398-B413-17A017159BE1}.Release|Any CPU.ActiveCfg = Release|Any CPU
		{B110391E-BB9D-4398-B413-17A017159BE1}.Release|Any CPU.Build.0 = Release|Any CPU
		{759169DD-00FF-4257-BFA9-B1FFDCD53237}.Debug|Any CPU.ActiveCfg = Debug|Any CPU
		{759169DD-00FF-4257-BFA9-B1FFDCD53237}.Debug|Any CPU.Build.0 = Debug|Any CPU
		{759169DD-00FF-4257-BFA9-B1FFDCD53237}.Release|Any CPU.ActiveCfg = Release|Any CPU
		{759169DD-00FF-4257-BFA9-B1FFDCD53237}.Release|Any CPU.Build.0 = Release|Any CPU
	EndGlobalSection
	GlobalSection(SolutionProperties) = preSolution
		HideSolutionNode = FALSE
	EndGlobalSection
	GlobalSection(ExtensibilityGlobals) = postSolution
		SolutionGuid = {708EC54D-F27E-477F-8304-EA6EB3A52F9B}
	EndGlobalSection
EndGlobal
